
Microsoft Visual Studio Solution File, Format Version 12.00
# Visual Studio 15
VisualStudioVersion = 15.0.26730.12
MinimumVisualStudioVersion = 10.0.40219.1
Project("{FAE04EC0-301F-11D3-BF4B-00C04F79EFBC}") = "Cars That Care", "Cars That Care\Cars That Care.csproj", "{C50EB9D9-B957-4D7B-8278-066289E8C68C}"
EndProject
Global
	GlobalSection(SolutionConfigurationPlatforms) = preSolution
		Debug|Any CPU = Debug|Any CPU
		Release|Any CPU = Release|Any CPU
	EndGlobalSection
	GlobalSection(ProjectConfigurationPlatforms) = postSolution
		{C50EB9D9-B957-4D7B-8278-066289E8C68C}.Debug|Any CPU.ActiveCfg = Debug|Any CPU
		{C50EB9D9-B957-4D7B-8278-066289E8C68C}.Debug|Any CPU.Build.0 = Debug|Any CPU
		{C50EB9D9-B957-4D7B-8278-066289E8C68C}.Release|Any CPU.ActiveCfg = Release|Any CPU
		{C50EB9D9-B957-4D7B-8278-066289E8C68C}.Release|Any CPU.Build.0 = Release|Any CPU
	EndGlobalSection
	GlobalSection(SolutionProperties) = preSolution
		HideSolutionNode = FALSE
	EndGlobalSection
	GlobalSection(ExtensibilityGlobals) = postSolution
		SolutionGuid = {6CDD7EB2-4975-457D-AD24-2D5051785E8A}
	EndGlobalSection
EndGlobal
